
Microsoft Visual Studio Solution File, Format Version 12.00
# Visual Studio Version 16
VisualStudioVersion = 16.0.29020.237
MinimumVisualStudioVersion = 10.0.40219.1
Project("{FAE04EC0-301F-11D3-BF4B-00C04F79EFBC}") = "ConsoleApp2", "ConsoleApp2\ConsoleApp2.csproj", "{DE3ECCA1-2630-436A-B54B-28189ACA7BB5}"
EndProject
Global
	GlobalSection(SolutionConfigurationPlatforms) = preSolution
		Debug|Any CPU = Debug|Any CPU
		Release|Any CPU = Release|Any CPU
	EndGlobalSection
	GlobalSection(ProjectConfigurationPlatforms) = postSolution
		{DE3ECCA1-2630-436A-B54B-28189ACA7BB5}.Debug|Any CPU.ActiveCfg = Debug|Any CPU
		{DE3ECCA1-2630-436A-B54B-28189ACA7BB5}.Debug|Any CPU.Build.0 = Debug|Any CPU
		{DE3ECCA1-2630-436A-B54B-28189ACA7BB5}.Release|Any CPU.ActiveCfg = Release|Any CPU
		{DE3ECCA1-2630-436A-B54B-28189ACA7BB5}.Release|Any CPU.Build.0 = Release|Any CPU
	EndGlobalSection
	GlobalSection(SolutionProperties) = preSolution
		HideSolutionNode = FALSE
	EndGlobalSection
	GlobalSection(ExtensibilityGlobals) = postSolution
		SolutionGuid = {8526D7DC-907C-4910-87E3-B2B8EF8A01A0}
	EndGlobalSection
EndGlobal
